
Microsoft Visual Studio Solution File, Format Version 12.00
# Visual Studio 15
VisualStudioVersion = 15.0.28010.2019
MinimumVisualStudioVersion = 10.0.40219.1
Project("{8BC9CEB8-8B4A-11D0-8D11-00A0C91BC942}") = "1-linear-program", "1-linear-program\1-linear-program.vcxproj", "{F6448BD2-F85B-403A-B51F-7DD93113FBA6}"
EndProject
Project("{8BC9CEB8-8B4A-11D0-8D11-00A0C91BC942}") = "2-conditionals-loops-1", "2-conditionals-loops-1\2-conditionals-loops-1.vcxproj", "{D29C7EA0-2085-4CDF-940E-18332D0FCB51}"
EndProject
Project("{8BC9CEB8-8B4A-11D0-8D11-00A0C91BC942}") = "3-conditionals-loops-2", "3-conditionals-loops-2\3-conditionals-loops-2.vcxproj", "{DC2C7DC7-E214-4993-8D03-551833588670}"
EndProject
Project("{8BC9CEB8-8B4A-11D0-8D11-00A0C91BC942}") = "5-arrays-1d", "5-arrays-1d\5-arrays-1d.vcxproj", "{FBF79643-29E0-44A6-A71E-7F47B6E6B0DD}"
EndProject
Project("{8BC9CEB8-8B4A-11D0-8D11-00A0C91BC942}") = "4-functions", "4-functions\4-functions.vcxproj", "{3762025A-FF4B-4409-835E-D015B1677457}"
EndProject
Project("{8BC9CEB8-8B4A-11D0-8D11-00A0C91BC942}") = "6-arrays-2d", "6-arrays-2d\6-arrays-2d.vcxproj", "{F38083DA-0599-4F52-9F74-D76AD277D18B}"
EndProject
Global
	GlobalSection(SolutionConfigurationPlatforms) = preSolution
		Debug|x64 = Debug|x64
		Debug|x86 = Debug|x86
		Release|x64 = Release|x64
		Release|x86 = Release|x86
	EndGlobalSection
	GlobalSection(ProjectConfigurationPlatforms) = postSolution
		{F6448BD2-F85B-403A-B51F-7DD93113FBA6}.Debug|x64.ActiveCfg = Debug|x64
		{F6448BD2-F85B-403A-B51F-7DD93113FBA6}.Debug|x64.Build.0 = Debug|x64
		{F6448BD2-F85B-403A-B51F-7DD93113FBA6}.Debug|x86.ActiveCfg = Debug|Win32
		{F6448BD2-F85B-403A-B51F-7DD93113FBA6}.Debug|x86.Build.0 = Debug|Win32
		{F6448BD2-F85B-403A-B51F-7DD93113FBA6}.Release|x64.ActiveCfg = Release|x64
		{F6448BD2-F85B-403A-B51F-7DD93113FBA6}.Release|x64.Build.0 = Release|x64
		{F6448BD2-F85B-403A-B51F-7DD93113FBA6}.Release|x86.ActiveCfg = Release|Win32
		{F6448BD2-F85B-403A-B51F-7DD93113FBA6}.Release|x86.Build.0 = Release|Win32
		{D29C7EA0-2085-4CDF-940E-18332D0FCB51}.Debug|x64.ActiveCfg = Debug|x64
		{D29C7EA0-2085-4CDF-940E-18332D0FCB51}.Debug|x64.Build.0 = Debug|x64
		{D29C7EA0-2085-4CDF-940E-18332D0FCB51}.Debug|x86.ActiveCfg = Debug|Win32
		{D29C7EA0-2085-4CDF-940E-18332D0FCB51}.Debug|x86.Build.0 = Debug|Win32
		{D29C7EA0-2085-4CDF-940E-18332D0FCB51}.Release|x64.ActiveCfg = Release|x64
		{D29C7EA0-2085-4CDF-940E-18332D0FCB51}.Release|x64.Build.0 = Release|x64
		{D29C7EA0-2085-4CDF-940E-18332D0FCB51}.Release|x86.ActiveCfg = Release|Win32
		{D29C7EA0-2085-4CDF-940E-18332D0FCB51}.Release|x86.Build.0 = Release|Win32
		{DC2C7DC7-E214-4993-8D03-551833588670}.Debug|x64.ActiveCfg = Debug|x64
		{DC2C7DC7-E214-4993-8D03-551833588670}.Debug|x64.Build.0 = Debug|x64
		{DC2C7DC7-E214-4993-8D03-551833588670}.Debug|x86.ActiveCfg = Debug|Win32
		{DC2C7DC7-E214-4993-8D03-551833588670}.Debug|x86.Build.0 = Debug|Win32
		{DC2C7DC7-E214-4993-8D03-551833588670}.Release|x64.ActiveCfg = Release|x64
		{DC2C7DC7-E214-4993-8D03-551833588670}.Release|x64.Build.0 = Release|x64
		{DC2C7DC7-E214-4993-8D03-551833588670}.Release|x86.ActiveCfg = Release|Win32
		{DC2C7DC7-E214-4993-8D03-551833588670}.Release|x86.Build.0 = Release|Win32
		{FBF79643-29E0-44A6-A71E-7F47B6E6B0DD}.Debug|x64.ActiveCfg = Debug|x64
		{FBF79643-29E0-44A6-A71E-7F47B6E6B0DD}.Debug|x64.Build.0 = Debug|x64
		{FBF79643-29E0-44A6-A71E-7F47B6E6B0DD}.Debug|x86.ActiveCfg = Debug|Win32
		{FBF79643-29E0-44A6-A71E-7F47B6E6B0DD}.Debug|x86.Build.0 = Debug|Win32
		{FBF79643-29E0-44A6-A71E-7F47B6E6B0DD}.Release|x64.ActiveCfg = Release|x64
		{FBF79643-29E0-44A6-A71E-7F47B6E6B0DD}.Release|x64.Build.0 = Release|x64
		{FBF79643-29E0-44A6-A71E-7F47B6E6B0DD}.Release|x86.ActiveCfg = Release|Win32
		{FBF79643-29E0-44A6-A71E-7F47B6E6B0DD}.Release|x86.Build.0 = Release|Win32
		{3762025A-FF4B-4409-835E-D015B1677457}.Debug|x64.ActiveCfg = Debug|x64
		{3762025A-FF4B-4409-835E-D015B1677457}.Debug|x64.Build.0 = Debug|x64
		{3762025A-FF4B-4409-835E-D015B1677457}.Debug|x86.ActiveCfg = Debug|Win32
		{3762025A-FF4B-4409-835E-D015B1677457}.Debug|x86.Build.0 = Debug|Win32
		{3762025A-FF4B-4409-835E-D015B1677457}.Release|x64.ActiveCfg = Release|x64
		{3762025A-FF4B-4409-835E-D015B1677457}.Release|x64.Build.0 = Release|x64
		{3762025A-FF4B-4409-835E-D015B1677457}.Release|x86.ActiveCfg = Release|Win32
		{3762025A-FF4B-4409-835E-D015B1677457}.Release|x86.Build.0 = Release|Win32
		{F38083DA-0599-4F52-9F74-D76AD277D18B}.Debug|x64.ActiveCfg = Debug|x64
		{F38083DA-0599-4F52-9F74-D76AD277D18B}.Debug|x64.Build.0 = Debug|x64
		{F38083DA-0599-4F52-9F74-D76AD277D18B}.Debug|x86.ActiveCfg = Debug|Win32
		{F38083DA-0599-4F52-9F74-D76AD277D18B}.Debug|x86.Build.0 = Debug|Win32
		{F38083DA-0599-4F52-9F74-D76AD277D18B}.Release|x64.ActiveCfg = Release|x64
		{F38083DA-0599-4F52-9F74-D76AD277D18B}.Release|x64.Build.0 = Release|x64
		{F38083DA-0599-4F52-9F74-D76AD277D18B}.Release|x86.ActiveCfg = Release|Win32
		{F38083DA-0599-4F52-9F74-D76AD277D18B}.Release|x86.Build.0 = Release|Win32
	EndGlobalSection
	GlobalSection(SolutionProperties) = preSolution
		HideSolutionNode = FALSE
	EndGlobalSection
	GlobalSection(ExtensibilityGlobals) = postSolution
		SolutionGuid = {94DA7A1E-F6AF-45A3-BCA8-218CCD8DF229}
	EndGlobalSection
EndGlobal
